
Microsoft Visual Studio Solution File, Format Version 12.00
# Visual Studio Version 17
VisualStudioVersion = 17.13.35806.99 d17.13
MinimumVisualStudioVersion = 10.0.40219.1
Project("{FAE04EC0-301F-11D3-BF4B-00C04F79EFBC}") = "tpModul5_103022300016", "tpModul5_103022300016\tpModul5_103022300016.csproj", "{EBEBCC21-8219-44AD-AD53-65C07EB09DCB}"
EndProject
Global
	GlobalSection(SolutionConfigurationPlatforms) = preSolution
		Debug|Any CPU = Debug|Any CPU
		Release|Any CPU = Release|Any CPU
	EndGlobalSection
	GlobalSection(ProjectConfigurationPlatforms) = postSolution
		{EBEBCC21-8219-44AD-AD53-65C07EB09DCB}.Debug|Any CPU.ActiveCfg = Debug|Any CPU
		{EBEBCC21-8219-44AD-AD53-65C07EB09DCB}.Debug|Any CPU.Build.0 = Debug|Any CPU
		{EBEBCC21-8219-44AD-AD53-65C07EB09DCB}.Release|Any CPU.ActiveCfg = Release|Any CPU
		{EBEBCC21-8219-44AD-AD53-65C07EB09DCB}.Release|Any CPU.Build.0 = Release|Any CPU
	EndGlobalSection
	GlobalSection(SolutionProperties) = preSolution
		HideSolutionNode = FALSE
	EndGlobalSection
	GlobalSection(ExtensibilityGlobals) = postSolution
		SolutionGuid = {DD2CA6CB-1ECF-4018-A3A5-2C17C0EDDA3C}
	EndGlobalSection
EndGlobal
